PODS:
  - AccountModule_Category (0.1.0)

DEPENDENCIES:
  - AccountModule_Category (from `../`)

EXTERNAL SOURCES:
  AccountModule_Category:
    :path: "../"

SPEC CHECKSUMS:
  AccountModule_Category: 49b2656980a2d2d79dc6860185898a26b7606228

PODFILE CHECKSUM: 4254201f898a13f08585f05a59dc713b8d8f7be5

COCOAPODS: 1.9.3
